
Microsoft Visual Studio Solution File, Format Version 12.00
# Visual Studio 2012
Project("{FAE04EC0-301F-11D3-BF4B-00C04F79EFBC}") = "Eve-Corporation-Portal", "Eve-Corporation-Portal\Eve-Corporation-Portal.csproj", "{036566FB-8F2E-4698-ABC2-0DCA846D80DF}"
EndProject
Project("{FAE04EC0-301F-11D3-BF4B-00C04F79EFBC}") = "Eve-Corporation-Portal.Tests", "Eve-Corporation-Portal.Tests\Eve-Corporation-Portal.Tests.csproj", "{8401CA78-FD5E-436C-B469-EB6E48290BFD}"
EndProject
Global
	GlobalSection(SolutionConfigurationPlatforms) = preSolution
		Debug|Any CPU = Debug|Any CPU
		Release|Any CPU = Release|Any CPU
	EndGlobalSection
	GlobalSection(ProjectConfigurationPlatforms) = postSolution
		{036566FB-8F2E-4698-ABC2-0DCA846D80DF}.Debug|Any CPU.ActiveCfg = Debug|Any CPU
		{036566FB-8F2E-4698-ABC2-0DCA846D80DF}.Debug|Any CPU.Build.0 = Debug|Any CPU
		{036566FB-8F2E-4698-ABC2-0DCA846D80DF}.Release|Any CPU.ActiveCfg = Release|Any CPU
		{036566FB-8F2E-4698-ABC2-0DCA846D80DF}.Release|Any CPU.Build.0 = Release|Any CPU
		{8401CA78-FD5E-436C-B469-EB6E48290BFD}.Debug|Any CPU.ActiveCfg = Debug|Any CPU
		{8401CA78-FD5E-436C-B469-EB6E48290BFD}.Debug|Any CPU.Build.0 = Debug|Any CPU
		{8401CA78-FD5E-436C-B469-EB6E48290BFD}.Release|Any CPU.ActiveCfg = Release|Any CPU
		{8401CA78-FD5E-436C-B469-EB6E48290BFD}.Release|Any CPU.Build.0 = Release|Any CPU
	EndGlobalSection
	GlobalSection(SolutionProperties) = preSolution
		HideSolutionNode = FALSE
	EndGlobalSection
EndGlobal
